
Microsoft Visual Studio Solution File, Format Version 12.00
# Visual Studio Version 16
VisualStudioVersion = 16.0.30406.217
MinimumVisualStudioVersion = 10.0.40219.1
Project("{FAE04EC0-301F-11D3-BF4B-00C04F79EFBC}") = "DemoWindowForm", "DemoWindowForm.csproj", "{1416A700-E705-407A-B2EC-0F638D78F19A}"
EndProject
Global
	GlobalSection(SolutionConfigurationPlatforms) = preSolution
		Debug|Any CPU = Debug|Any CPU
		Release|Any CPU = Release|Any CPU
	EndGlobalSection
	GlobalSection(ProjectConfigurationPlatforms) = postSolution
		{1416A700-E705-407A-B2EC-0F638D78F19A}.Debug|Any CPU.ActiveCfg = Debug|Any CPU
		{1416A700-E705-407A-B2EC-0F638D78F19A}.Debug|Any CPU.Build.0 = Debug|Any CPU
		{1416A700-E705-407A-B2EC-0F638D78F19A}.Release|Any CPU.ActiveCfg = Release|Any CPU
		{1416A700-E705-407A-B2EC-0F638D78F19A}.Release|Any CPU.Build.0 = Release|Any CPU
	EndGlobalSection
	GlobalSection(SolutionProperties) = preSolution
		HideSolutionNode = FALSE
	EndGlobalSection
	GlobalSection(ExtensibilityGlobals) = postSolution
		SolutionGuid = {AAEA4AE6-CD23-4B21-BB39-9AB72213E78E}
	EndGlobalSection
EndGlobal
